# THIS IS AN AUTOGENERATED FILE. DO NOT EDIT THIS FILE DIRECTLY.
# yarn lockfile v1


axios@0.24.0:
  version "0.24.0"
  resolved "https://registry.yarnpkg.com/axios/-/axios-0.24.0.tgz#804e6fa1e4b9c5288501dd9dff56a7a0940d20d6"
  integrity sha512-Q6cWsys88HoPgAaFAVUb0WpPk0O8iTeisR9IMqy9G8AbO4NlpVknrnQS03zzF9PGAWgO3cgletO3VjV/P7VztA==
  dependencies:
    follow-redirects "^1.14.4"

follow-redirects@^1.14.4:
  version "1.14.5"
  resolved "https://registry.yarnpkg.com/follow-redirects/-/follow-redirects-1.14.5.tgz#f09a5848981d3c772b5392309778523f8d85c381"
  integrity sha512-wtphSXy7d4/OR+MvIFbCVBDzZ5520qV8XfPklSN5QtxuMUJZ+b0Wnst1e1lCDocfzuCkHqj8k0FpZqO+UIaKNA==

"kotlin-multiplatform-client@file:../build/js/packages/kotlin-multiplatform-client":
  version "1.0.0"
  dependencies:
    axios "0.24.0"

kotlin@1.6.0-RC2:
  version "1.6.0-RC2"
  resolved "https://registry.yarnpkg.com/kotlin/-/kotlin-1.6.0-RC2.tgz#f87decccad30f8d5981aa3343d18e8d5b7b28d12"
  integrity sha512-plLDeszNc4xU4TT9JASPG2JshtT3VtWrv+UZp5936qwFjGjE7fyNin+j4nf2dYszuCcOZ085lnfYhemLtEp/sQ==
